
Microsoft Visual Studio Solution File, Format Version 12.00
# Visual Studio Version 17
VisualStudioVersion = 17.11.35327.3
MinimumVisualStudioVersion = 10.0.40219.1
Project("{FAE04EC0-301F-11D3-BF4B-00C04F79EFBC}") = "Alumnos.WebApi", "Alumnos.WebApi.csproj", "{3C844806-FCD3-4526-B9F7-10441C52A570}"
EndProject
Project("{FAE04EC0-301F-11D3-BF4B-00C04F79EFBC}") = "Alumnos.Data", "..\Alumnos.Data\Alumnos.Data.csproj", "{9269F424-9D1C-4C70-B1C4-865430A2A400}"
EndProject
Project("{FAE04EC0-301F-11D3-BF4B-00C04F79EFBC}") = "Alumnos.Service", "..\Alumnos.Service\Alumnos.Service.csproj", "{F6191C53-AF25-495B-8D3D-9EC85FA42A72}"
EndProject
Project("{FAE04EC0-301F-11D3-BF4B-00C04F79EFBC}") = "Alumnos.Model", "..\Alumnos.Model\Alumnos.Model.csproj", "{05E1C4ED-9839-4FEA-A6C2-67C24DBE5BEA}"
EndProject
Global
	GlobalSection(SolutionConfigurationPlatforms) = preSolution
		Debug|Any CPU = Debug|Any CPU
		Release|Any CPU = Release|Any CPU
	EndGlobalSection
	GlobalSection(ProjectConfigurationPlatforms) = postSolution
		{3C844806-FCD3-4526-B9F7-10441C52A570}.Debug|Any CPU.ActiveCfg = Debug|Any CPU
		{3C844806-FCD3-4526-B9F7-10441C52A570}.Debug|Any CPU.Build.0 = Debug|Any CPU
		{3C844806-FCD3-4526-B9F7-10441C52A570}.Release|Any CPU.ActiveCfg = Release|Any CPU
		{3C844806-FCD3-4526-B9F7-10441C52A570}.Release|Any CPU.Build.0 = Release|Any CPU
		{9269F424-9D1C-4C70-B1C4-865430A2A400}.Debug|Any CPU.ActiveCfg = Debug|Any CPU
		{9269F424-9D1C-4C70-B1C4-865430A2A400}.Debug|Any CPU.Build.0 = Debug|Any CPU
		{9269F424-9D1C-4C70-B1C4-865430A2A400}.Release|Any CPU.ActiveCfg = Release|Any CPU
		{9269F424-9D1C-4C70-B1C4-865430A2A400}.Release|Any CPU.Build.0 = Release|Any CPU
		{F6191C53-AF25-495B-8D3D-9EC85FA42A72}.Debug|Any CPU.ActiveCfg = Debug|Any CPU
		{F6191C53-AF25-495B-8D3D-9EC85FA42A72}.Debug|Any CPU.Build.0 = Debug|Any CPU
		{F6191C53-AF25-495B-8D3D-9EC85FA42A72}.Release|Any CPU.ActiveCfg = Release|Any CPU
		{F6191C53-AF25-495B-8D3D-9EC85FA42A72}.Release|Any CPU.Build.0 = Release|Any CPU
		{05E1C4ED-9839-4FEA-A6C2-67C24DBE5BEA}.Debug|Any CPU.ActiveCfg = Debug|Any CPU
		{05E1C4ED-9839-4FEA-A6C2-67C24DBE5BEA}.Debug|Any CPU.Build.0 = Debug|Any CPU
		{05E1C4ED-9839-4FEA-A6C2-67C24DBE5BEA}.Release|Any CPU.ActiveCfg = Release|Any CPU
		{05E1C4ED-9839-4FEA-A6C2-67C24DBE5BEA}.Release|Any CPU.Build.0 = Release|Any CPU
	EndGlobalSection
	GlobalSection(SolutionProperties) = preSolution
		HideSolutionNode = FALSE
	EndGlobalSection
	GlobalSection(ExtensibilityGlobals) = postSolution
		SolutionGuid = {1CE65256-D829-4D6F-B55C-723C5C73865E}
	EndGlobalSection
EndGlobal
